
Microsoft Visual Studio Solution File, Format Version 12.00
# Visual Studio Version 16
VisualStudioVersion = 16.0.29123.88
MinimumVisualStudioVersion = 10.0.40219.1
Project("{FAE04EC0-301F-11D3-BF4B-00C04F79EFBC}") = "TransGps.Android", "TransGps\TransGps.Android\TransGps.Android.csproj", "{2D6D1B2D-8520-440A-9DF5-458F2BCA05C1}"
EndProject
Project("{FAE04EC0-301F-11D3-BF4B-00C04F79EFBC}") = "TransGps.iOS", "TransGps\TransGps.iOS\TransGps.iOS.csproj", "{219B8A56-4CB4-44FD-8A53-4EC493566157}"
EndProject
Project("{9A19103F-16F7-4668-BE54-9A1E7A4F7556}") = "TransGps", "TransGps\TransGps\TransGps.csproj", "{E0FD6624-CDD3-4901-BB67-0C07A56131BC}"
EndProject
Global
	GlobalSection(SolutionConfigurationPlatforms) = preSolution
		Ad-Hoc|Any CPU = Ad-Hoc|Any CPU
		Ad-Hoc|iPhone = Ad-Hoc|iPhone
		Ad-Hoc|iPhoneSimulator = Ad-Hoc|iPhoneSimulator
		AppStore|Any CPU = AppStore|Any CPU
		AppStore|iPhone = AppStore|iPhone
		AppStore|iPhoneSimulator = AppStore|iPhoneSimulator
		Debug|Any CPU = Debug|Any CPU
		Debug|iPhone = Debug|iPhone
		Debug|iPhoneSimulator = Debug|iPhoneSimulator
		Release|Any CPU = Release|Any CPU
		Release|iPhone = Release|iPhone
		Release|iPhoneSimulator = Release|iPhoneSimulator
	EndGlobalSection
	GlobalSection(ProjectConfigurationPlatforms) = postSolution
		{2D6D1B2D-8520-440A-9DF5-458F2BCA05C1}.Ad-Hoc|Any CPU.ActiveCfg = Release|Any CPU
		{2D6D1B2D-8520-440A-9DF5-458F2BCA05C1}.Ad-Hoc|Any CPU.Build.0 = Release|Any CPU
		{2D6D1B2D-8520-440A-9DF5-458F2BCA05C1}.Ad-Hoc|Any CPU.Deploy.0 = Release|Any CPU
		{2D6D1B2D-8520-440A-9DF5-458F2BCA05C1}.Ad-Hoc|iPhone.ActiveCfg = Release|Any CPU
		{2D6D1B2D-8520-440A-9DF5-458F2BCA05C1}.Ad-Hoc|iPhone.Build.0 = Release|Any CPU
		{2D6D1B2D-8520-440A-9DF5-458F2BCA05C1}.Ad-Hoc|iPhone.Deploy.0 = Release|Any CPU
		{2D6D1B2D-8520-440A-9DF5-458F2BCA05C1}.Ad-Hoc|iPhoneSimulator.ActiveCfg = Release|Any CPU
		{2D6D1B2D-8520-440A-9DF5-458F2BCA05C1}.Ad-Hoc|iPhoneSimulator.Build.0 = Release|Any CPU
		{2D6D1B2D-8520-440A-9DF5-458F2BCA05C1}.Ad-Hoc|iPhoneSimulator.Deploy.0 = Release|Any CPU
		{2D6D1B2D-8520-440A-9DF5-458F2BCA05C1}.AppStore|Any CPU.ActiveCfg = Release|Any CPU
		{2D6D1B2D-8520-440A-9DF5-458F2BCA05C1}.AppStore|Any CPU.Build.0 = Release|Any CPU
		{2D6D1B2D-8520-440A-9DF5-458F2BCA05C1}.AppStore|Any CPU.Deploy.0 = Release|Any CPU
		{2D6D1B2D-8520-440A-9DF5-458F2BCA05C1}.AppStore|iPhone.ActiveCfg = Release|Any CPU
		{2D6D1B2D-8520-440A-9DF5-458F2BCA05C1}.AppStore|iPhone.Build.0 = Release|Any CPU
		{2D6D1B2D-8520-440A-9DF5-458F2BCA05C1}.AppStore|iPhone.Deploy.0 = Release|Any CPU
		{2D6D1B2D-8520-440A-9DF5-458F2BCA05C1}.AppStore|iPhoneSimulator.ActiveCfg = Release|Any CPU
		{2D6D1B2D-8520-440A-9DF5-458F2BCA05C1}.AppStore|iPhoneSimulator.Build.0 = Release|Any CPU
		{2D6D1B2D-8520-440A-9DF5-458F2BCA05C1}.AppStore|iPhoneSimulator.Deploy.0 = Release|Any CPU
		{2D6D1B2D-8520-440A-9DF5-458F2BCA05C1}.Debug|Any CPU.ActiveCfg = Debug|Any CPU
		{2D6D1B2D-8520-440A-9DF5-458F2BCA05C1}.Debug|Any CPU.Build.0 = Debug|Any CPU
		{2D6D1B2D-8520-440A-9DF5-458F2BCA05C1}.Debug|Any CPU.Deploy.0 = Debug|Any CPU
		{2D6D1B2D-8520-440A-9DF5-458F2BCA05C1}.Debug|iPhone.ActiveCfg = Debug|Any CPU
		{2D6D1B2D-8520-440A-9DF5-458F2BCA05C1}.Debug|iPhone.Build.0 = Debug|Any CPU
		{2D6D1B2D-8520-440A-9DF5-458F2BCA05C1}.Debug|iPhone.Deploy.0 = Debug|Any CPU
		{2D6D1B2D-8520-440A-9DF5-458F2BCA05C1}.Debug|iPhoneSimulator.ActiveCfg = Debug|Any CPU
		{2D6D1B2D-8520-440A-9DF5-458F2BCA05C1}.Debug|iPhoneSimulator.Build.0 = Debug|Any CPU
		{2D6D1B2D-8520-440A-9DF5-458F2BCA05C1}.Debug|iPhoneSimulator.Deploy.0 = Debug|Any CPU
		{2D6D1B2D-8520-440A-9DF5-458F2BCA05C1}.Release|Any CPU.ActiveCfg = Release|Any CPU
		{2D6D1B2D-8520-440A-9DF5-458F2BCA05C1}.Release|Any CPU.Build.0 = Release|Any CPU
		{2D6D1B2D-8520-440A-9DF5-458F2BCA05C1}.Release|Any CPU.Deploy.0 = Release|Any CPU
		{2D6D1B2D-8520-440A-9DF5-458F2BCA05C1}.Release|iPhone.ActiveCfg = Release|Any CPU
		{2D6D1B2D-8520-440A-9DF5-458F2BCA05C1}.Release|iPhone.Build.0 = Release|Any CPU
		{2D6D1B2D-8520-440A-9DF5-458F2BCA05C1}.Release|iPhone.Deploy.0 = Release|Any CPU
		{2D6D1B2D-8520-440A-9DF5-458F2BCA05C1}.Release|iPhoneSimulator.ActiveCfg = Release|Any CPU
		{2D6D1B2D-8520-440A-9DF5-458F2BCA05C1}.Release|iPhoneSimulator.Build.0 = Release|Any CPU
		{2D6D1B2D-8520-440A-9DF5-458F2BCA05C1}.Release|iPhoneSimulator.Deploy.0 = Release|Any CPU
		{219B8A56-4CB4-44FD-8A53-4EC493566157}.Ad-Hoc|Any CPU.ActiveCfg = Ad-Hoc|iPhone
		{219B8A56-4CB4-44FD-8A53-4EC493566157}.Ad-Hoc|Any CPU.Build.0 = Ad-Hoc|iPhone
		{219B8A56-4CB4-44FD-8A53-4EC493566157}.Ad-Hoc|Any CPU.Deploy.0 = Ad-Hoc|iPhone
		{219B8A56-4CB4-44FD-8A53-4EC493566157}.Ad-Hoc|iPhone.ActiveCfg = Ad-Hoc|iPhone
		{219B8A56-4CB4-44FD-8A53-4EC493566157}.Ad-Hoc|iPhone.Build.0 = Ad-Hoc|iPhone
		{219B8A56-4CB4-44FD-8A53-4EC493566157}.Ad-Hoc|iPhone.Deploy.0 = Ad-Hoc|iPhone
		{219B8A56-4CB4-44FD-8A53-4EC493566157}.Ad-Hoc|iPhoneSimulator.ActiveCfg = Ad-Hoc|iPhoneSimulator
		{219B8A56-4CB4-44FD-8A53-4EC493566157}.Ad-Hoc|iPhoneSimulator.Build.0 = Ad-Hoc|iPhoneSimulator
		{219B8A56-4CB4-44FD-8A53-4EC493566157}.Ad-Hoc|iPhoneSimulator.Deploy.0 = Ad-Hoc|iPhoneSimulator
		{219B8A56-4CB4-44FD-8A53-4EC493566157}.AppStore|Any CPU.ActiveCfg = AppStore|iPhone
		{219B8A56-4CB4-44FD-8A53-4EC493566157}.AppStore|Any CPU.Build.0 = AppStore|iPhone
		{219B8A56-4CB4-44FD-8A53-4EC493566157}.AppStore|Any CPU.Deploy.0 = AppStore|iPhone
		{219B8A56-4CB4-44FD-8A53-4EC493566157}.AppStore|iPhone.ActiveCfg = AppStore|iPhone
		{219B8A56-4CB4-44FD-8A53-4EC493566157}.AppStore|iPhone.Build.0 = AppStore|iPhone
		{219B8A56-4CB4-44FD-8A53-4EC493566157}.AppStore|iPhone.Deploy.0 = AppStore|iPhone
		{219B8A56-4CB4-44FD-8A53-4EC493566157}.AppStore|iPhoneSimulator.ActiveCfg = AppStore|iPhoneSimulator
		{219B8A56-4CB4-44FD-8A53-4EC493566157}.AppStore|iPhoneSimulator.Build.0 = AppStore|iPhoneSimulator
		{219B8A56-4CB4-44FD-8A53-4EC493566157}.AppStore|iPhoneSimulator.Deploy.0 = AppStore|iPhoneSimulator
		{219B8A56-4CB4-44FD-8A53-4EC493566157}.Debug|Any CPU.ActiveCfg = Debug|iPhoneSimulator
		{219B8A56-4CB4-44FD-8A53-4EC493566157}.Debug|Any CPU.Build.0 = Debug|iPhoneSimulator
		{219B8A56-4CB4-44FD-8A53-4EC493566157}.Debug|Any CPU.Deploy.0 = Debug|iPhoneSimulator
		{219B8A56-4CB4-44FD-8A53-4EC493566157}.Debug|iPhone.ActiveCfg = Debug|iPhone
		{219B8A56-4CB4-44FD-8A53-4EC493566157}.Debug|iPhone.Build.0 = Debug|iPhone
		{219B8A56-4CB4-44FD-8A53-4EC493566157}.Debug|iPhone.Deploy.0 = Debug|iPhone
		{219B8A56-4CB4-44FD-8A53-4EC493566157}.Debug|iPhoneSimulator.ActiveCfg = Debug|iPhoneSimulator
		{219B8A56-4CB4-44FD-8A53-4EC493566157}.Debug|iPhoneSimulator.Build.0 = Debug|iPhoneSimulator
		{219B8A56-4CB4-44FD-8A53-4EC493566157}.Debug|iPhoneSimulator.Deploy.0 = Debug|iPhoneSimulator
		{219B8A56-4CB4-44FD-8A53-4EC493566157}.Release|Any CPU.ActiveCfg = Release|iPhone
		{219B8A56-4CB4-44FD-8A53-4EC493566157}.Release|Any CPU.Build.0 = Release|iPhone
		{219B8A56-4CB4-44FD-8A53-4EC493566157}.Release|Any CPU.Deploy.0 = Release|iPhone
		{219B8A56-4CB4-44FD-8A53-4EC493566157}.Release|iPhone.ActiveCfg = Release|iPhone
		{219B8A56-4CB4-44FD-8A53-4EC493566157}.Release|iPhone.Build.0 = Release|iPhone
		{219B8A56-4CB4-44FD-8A53-4EC493566157}.Release|iPhone.Deploy.0 = Release|iPhone
		{219B8A56-4CB4-44FD-8A53-4EC493566157}.Release|iPhoneSimulator.ActiveCfg = Release|iPhoneSimulator
		{219B8A56-4CB4-44FD-8A53-4EC493566157}.Release|iPhoneSimulator.Build.0 = Release|iPhoneSimulator
		{219B8A56-4CB4-44FD-8A53-4EC493566157}.Release|iPhoneSimulator.Deploy.0 = Release|iPhoneSimulator
		{E0FD6624-CDD3-4901-BB67-0C07A56131BC}.Ad-Hoc|Any CPU.ActiveCfg = Debug|Any CPU
		{E0FD6624-CDD3-4901-BB67-0C07A56131BC}.Ad-Hoc|Any CPU.Build.0 = Debug|Any CPU
		{E0FD6624-CDD3-4901-BB67-0C07A56131BC}.Ad-Hoc|Any CPU.Deploy.0 = Debug|Any CPU
		{E0FD6624-CDD3-4901-BB67-0C07A56131BC}.Ad-Hoc|iPhone.ActiveCfg = Debug|Any CPU
		{E0FD6624-CDD3-4901-BB67-0C07A56131BC}.Ad-Hoc|iPhone.Build.0 = Debug|Any CPU
		{E0FD6624-CDD3-4901-BB67-0C07A56131BC}.Ad-Hoc|iPhone.Deploy.0 = Debug|Any CPU
		{E0FD6624-CDD3-4901-BB67-0C07A56131BC}.Ad-Hoc|iPhoneSimulator.ActiveCfg = Debug|Any CPU
		{E0FD6624-CDD3-4901-BB67-0C07A56131BC}.Ad-Hoc|iPhoneSimulator.Build.0 = Debug|Any CPU
		{E0FD6624-CDD3-4901-BB67-0C07A56131BC}.Ad-Hoc|iPhoneSimulator.Deploy.0 = Debug|Any CPU
		{E0FD6624-CDD3-4901-BB67-0C07A56131BC}.AppStore|Any CPU.ActiveCfg = Debug|Any CPU
		{E0FD6624-CDD3-4901-BB67-0C07A56131BC}.AppStore|Any CPU.Build.0 = Debug|Any CPU
		{E0FD6624-CDD3-4901-BB67-0C07A56131BC}.AppStore|Any CPU.Deploy.0 = Debug|Any CPU
		{E0FD6624-CDD3-4901-BB67-0C07A56131BC}.AppStore|iPhone.ActiveCfg = Debug|Any CPU
		{E0FD6624-CDD3-4901-BB67-0C07A56131BC}.AppStore|iPhone.Build.0 = Debug|Any CPU
		{E0FD6624-CDD3-4901-BB67-0C07A56131BC}.AppStore|iPhone.Deploy.0 = Debug|Any CPU
		{E0FD6624-CDD3-4901-BB67-0C07A56131BC}.AppStore|iPhoneSimulator.ActiveCfg = Debug|Any CPU
		{E0FD6624-CDD3-4901-BB67-0C07A56131BC}.AppStore|iPhoneSimulator.Build.0 = Debug|Any CPU
		{E0FD6624-CDD3-4901-BB67-0C07A56131BC}.AppStore|iPhoneSimulator.Deploy.0 = Debug|Any CPU
		{E0FD6624-CDD3-4901-BB67-0C07A56131BC}.Debug|Any CPU.ActiveCfg = Debug|Any CPU
		{E0FD6624-CDD3-4901-BB67-0C07A56131BC}.Debug|Any CPU.Build.0 = Debug|Any CPU
		{E0FD6624-CDD3-4901-BB67-0C07A56131BC}.Debug|Any CPU.Deploy.0 = Debug|Any CPU
		{E0FD6624-CDD3-4901-BB67-0C07A56131BC}.Debug|iPhone.ActiveCfg = Debug|Any CPU
		{E0FD6624-CDD3-4901-BB67-0C07A56131BC}.Debug|iPhone.Build.0 = Debug|Any CPU
		{E0FD6624-CDD3-4901-BB67-0C07A56131BC}.Debug|iPhone.Deploy.0 = Debug|Any CPU
		{E0FD6624-CDD3-4901-BB67-0C07A56131BC}.Debug|iPhoneSimulator.ActiveCfg = Debug|Any CPU
		{E0FD6624-CDD3-4901-BB67-0C07A56131BC}.Debug|iPhoneSimulator.Build.0 = Debug|Any CPU
		{E0FD6624-CDD3-4901-BB67-0C07A56131BC}.Debug|iPhoneSimulator.Deploy.0 = Debug|Any CPU
		{E0FD6624-CDD3-4901-BB67-0C07A56131BC}.Release|Any CPU.ActiveCfg = Release|Any CPU
		{E0FD6624-CDD3-4901-BB67-0C07A56131BC}.Release|Any CPU.Build.0 = Release|Any CPU
		{E0FD6624-CDD3-4901-BB67-0C07A56131BC}.Release|Any CPU.Deploy.0 = Release|Any CPU
		{E0FD6624-CDD3-4901-BB67-0C07A56131BC}.Release|iPhone.ActiveCfg = Release|Any CPU
		{E0FD6624-CDD3-4901-BB67-0C07A56131BC}.Release|iPhone.Build.0 = Release|Any CPU
		{E0FD6624-CDD3-4901-BB67-0C07A56131BC}.Release|iPhone.Deploy.0 = Release|Any CPU
		{E0FD6624-CDD3-4901-BB67-0C07A56131BC}.Release|iPhoneSimulator.ActiveCfg = Release|Any CPU
		{E0FD6624-CDD3-4901-BB67-0C07A56131BC}.Release|iPhoneSimulator.Build.0 = Release|Any CPU
		{E0FD6624-CDD3-4901-BB67-0C07A56131BC}.Release|iPhoneSimulator.Deploy.0 = Release|Any CPU
	EndGlobalSection
	GlobalSection(SolutionProperties) = preSolution
		HideSolutionNode = FALSE
	EndGlobalSection
	GlobalSection(ExtensibilityGlobals) = postSolution
		SolutionGuid = {912A200B-5858-4B91-B543-5B922681BB3C}
	EndGlobalSection
	GlobalSection(TeamFoundationVersionControl) = preSolution
		SccNumberOfProjects = 4
		SccEnterpriseProvider = {4CA58AB2-18FA-4F8D-95D4-32DDF27D184C}
		SccTeamFoundationServer = https://tfvsolsm.visualstudio.com/
		SccLocalPath0 = .
		SccProjectUniqueName1 = TransGps\\TransGps.Android\\TransGps.Android.csproj
		SccProjectName1 = TransGps/TransGps.Android
		SccLocalPath1 = TransGps\\TransGps.Android
		SccProjectUniqueName2 = TransGps\\TransGps.iOS\\TransGps.iOS.csproj
		SccProjectName2 = TransGps/TransGps.iOS
		SccLocalPath2 = TransGps\\TransGps.iOS
		SccProjectUniqueName3 = TransGps\\TransGps\\TransGps.csproj
		SccProjectName3 = TransGps/TransGps
		SccLocalPath3 = TransGps\\TransGps
	EndGlobalSection
EndGlobal
